
Microsoft Visual Studio Solution File, Format Version 12.00
# Visual Studio Version 16
VisualStudioVersion = 16.0.29519.87
MinimumVisualStudioVersion = 10.0.40219.1
Project("{9A19103F-16F7-4668-BE54-9A1E7A4F7556}") = "Factory", "Factory\Factory.csproj", "{FF523427-39CF-4A49-86BD-ED3A26DED4C9}"
EndProject
Project("{9A19103F-16F7-4668-BE54-9A1E7A4F7556}") = "AbstractFactory", "AbstractFactory\AbstractFactory.csproj", "{91084812-F94B-4F63-85B4-3B3E731BCC61}"
EndProject
Global
	GlobalSection(SolutionConfigurationPlatforms) = preSolution
		Debug|Any CPU = Debug|Any CPU
		Release|Any CPU = Release|Any CPU
	EndGlobalSection
	GlobalSection(ProjectConfigurationPlatforms) = postSolution
		{FF523427-39CF-4A49-86BD-ED3A26DED4C9}.Debug|Any CPU.ActiveCfg = Debug|Any CPU
		{FF523427-39CF-4A49-86BD-ED3A26DED4C9}.Debug|Any CPU.Build.0 = Debug|Any CPU
		{FF523427-39CF-4A49-86BD-ED3A26DED4C9}.Release|Any CPU.ActiveCfg = Release|Any CPU
		{FF523427-39CF-4A49-86BD-ED3A26DED4C9}.Release|Any CPU.Build.0 = Release|Any CPU
		{91084812-F94B-4F63-85B4-3B3E731BCC61}.Debug|Any CPU.ActiveCfg = Debug|Any CPU
		{91084812-F94B-4F63-85B4-3B3E731BCC61}.Debug|Any CPU.Build.0 = Debug|Any CPU
		{91084812-F94B-4F63-85B4-3B3E731BCC61}.Release|Any CPU.ActiveCfg = Release|Any CPU
		{91084812-F94B-4F63-85B4-3B3E731BCC61}.Release|Any CPU.Build.0 = Release|Any CPU
	EndGlobalSection
	GlobalSection(SolutionProperties) = preSolution
		HideSolutionNode = FALSE
	EndGlobalSection
	GlobalSection(ExtensibilityGlobals) = postSolution
		SolutionGuid = {C18F98D5-7EF2-4428-8921-D4E0F44005A4}
	EndGlobalSection
EndGlobal
