
Microsoft Visual Studio Solution File, Format Version 12.00
# Visual Studio Version 17
VisualStudioVersion = 17.7.34031.279
MinimumVisualStudioVersion = 10.0.40219.1
Project("{9A19103F-16F7-4668-BE54-9A1E7A4F7556}") = "Factory", "Factory\Factory.csproj", "{FF523427-39CF-4A49-86BD-ED3A26DED4C9}"
EndProject
Project("{9A19103F-16F7-4668-BE54-9A1E7A4F7556}") = "AbstractFactory", "AbstractFactory\AbstractFactory.csproj", "{91084812-F94B-4F63-85B4-3B3E731BCC61}"
EndProject
Project("{9A19103F-16F7-4668-BE54-9A1E7A4F7556}") = "Observer", "Observer\Observer.csproj", "{EA5D7056-8512-48E5-B245-348EC2D02A11}"
EndProject
Project("{9A19103F-16F7-4668-BE54-9A1E7A4F7556}") = "ArrayOps", "ArrayOps\ArrayOps.csproj", "{FE7536E9-8C08-4362-B8DF-07182BD04129}"
EndProject
Project("{9A19103F-16F7-4668-BE54-9A1E7A4F7556}") = "DesignPatternAndDS", "DesignPatternAndDS\DesignPatternAndDS.csproj", "{613FE1DF-B61C-4EE9-9BB9-0507E2FBB3E2}"
EndProject
Global
	GlobalSection(SolutionConfigurationPlatforms) = preSolution
		Debug|Any CPU = Debug|Any CPU
		Release|Any CPU = Release|Any CPU
	EndGlobalSection
	GlobalSection(ProjectConfigurationPlatforms) = postSolution
		{FF523427-39CF-4A49-86BD-ED3A26DED4C9}.Debug|Any CPU.ActiveCfg = Debug|Any CPU
		{FF523427-39CF-4A49-86BD-ED3A26DED4C9}.Debug|Any CPU.Build.0 = Debug|Any CPU
		{FF523427-39CF-4A49-86BD-ED3A26DED4C9}.Release|Any CPU.ActiveCfg = Release|Any CPU
		{FF523427-39CF-4A49-86BD-ED3A26DED4C9}.Release|Any CPU.Build.0 = Release|Any CPU
		{91084812-F94B-4F63-85B4-3B3E731BCC61}.Debug|Any CPU.ActiveCfg = Debug|Any CPU
		{91084812-F94B-4F63-85B4-3B3E731BCC61}.Debug|Any CPU.Build.0 = Debug|Any CPU
		{91084812-F94B-4F63-85B4-3B3E731BCC61}.Release|Any CPU.ActiveCfg = Release|Any CPU
		{91084812-F94B-4F63-85B4-3B3E731BCC61}.Release|Any CPU.Build.0 = Release|Any CPU
		{EA5D7056-8512-48E5-B245-348EC2D02A11}.Debug|Any CPU.ActiveCfg = Debug|Any CPU
		{EA5D7056-8512-48E5-B245-348EC2D02A11}.Debug|Any CPU.Build.0 = Debug|Any CPU
		{EA5D7056-8512-48E5-B245-348EC2D02A11}.Release|Any CPU.ActiveCfg = Release|Any CPU
		{EA5D7056-8512-48E5-B245-348EC2D02A11}.Release|Any CPU.Build.0 = Release|Any CPU
		{FE7536E9-8C08-4362-B8DF-07182BD04129}.Debug|Any CPU.ActiveCfg = Debug|Any CPU
		{FE7536E9-8C08-4362-B8DF-07182BD04129}.Debug|Any CPU.Build.0 = Debug|Any CPU
		{FE7536E9-8C08-4362-B8DF-07182BD04129}.Release|Any CPU.ActiveCfg = Release|Any CPU
		{FE7536E9-8C08-4362-B8DF-07182BD04129}.Release|Any CPU.Build.0 = Release|Any CPU
		{613FE1DF-B61C-4EE9-9BB9-0507E2FBB3E2}.Debug|Any CPU.ActiveCfg = Debug|Any CPU
		{613FE1DF-B61C-4EE9-9BB9-0507E2FBB3E2}.Debug|Any CPU.Build.0 = Debug|Any CPU
		{613FE1DF-B61C-4EE9-9BB9-0507E2FBB3E2}.Release|Any CPU.ActiveCfg = Release|Any CPU
		{613FE1DF-B61C-4EE9-9BB9-0507E2FBB3E2}.Release|Any CPU.Build.0 = Release|Any CPU
	EndGlobalSection
	GlobalSection(SolutionProperties) = preSolution
		HideSolutionNode = FALSE
	EndGlobalSection
	GlobalSection(ExtensibilityGlobals) = postSolution
		SolutionGuid = {C18F98D5-7EF2-4428-8921-D4E0F44005A4}
	EndGlobalSection
EndGlobal
